# This file is autogenerated, do not edit; changes may be undone by the next 'dep ensure'.


[[projects]]
  digest = "1:460c38ec774b5010a63760d6a415cf0f35f4460288a1648fb65ef7a3cc2d832c"
  name = "github.com/fatih/color"
  packages = ["."]
  pruneopts = "UT"
  revision = "87d4004f2ab62d0d255e0a38f1680aa534549fe3"
  version = "v1.0.0"

[[projects]]
  digest = "1:28c2511ad34394d299bca82becccc5dff425819faca8b9fbef0bcd5a88c87d29"
  name = "github.com/fsnotify/fsnotify"
  packages = ["."]
  pruneopts = "UT"
  revision = "f12c6236fe7b5cf6bcf30e5935d08cb079d78334"

[[projects]]
  digest = "1:40b0620b5937e7c59e8a3be9ca8fdd37a3aba2d8c6267eb82ee65028dba9f80f"
  name = "github.com/mattn/go-colorable"
  packages = ["."]
  pruneopts = "UT"
  revision = "ed8eb9e318d7a84ce5915b495b7d35e0cfe7b5a8"
  version = "v0.0.6"

[[projects]]
  digest = "1:3dce9780102fd9dfd8b864b18b84b1f94868f992d455af69a4604fae5d3b24f1"
  name = "github.com/mattn/go-isatty"
  packages = ["."]
  pruneopts = "UT"
  revision = "66b8e73f3f5cda9f96b69efd03dd3d7fc4a5cdb8"

[[projects]]
  digest = "1:0e792eea6c96ec55ff302ef33886acbaa5006e900fefe82689e88d96439dcd84"
  name = "github.com/ryanuber/go-glob"
  packages = ["."]
  pruneopts = "UT"
  revision = "572520ed46dbddaed19ea3d9541bdd0494163693"
  version = "v0.1"

[[projects]]
  digest = "1:e16c53d2592b2ba64d1a6da684a952bdff8815ed8b901b220fe875864b664643"
  name = "golang.org/x/sys"
  packages = ["unix"]
  pruneopts = "UT"
  revision = "a646d33e2ee3172a661fc09bca23bb4889a41bc8"

[solve-meta]
  analyzer-name = "dep"
  analyzer-version = 1
  input-imports = [
    "github.com/fatih/color",
    "github.com/fsnotify/fsnotify",
    "github.com/ryanuber/go-glob",
  ]
  solver-name = "gps-cdcl"
  solver-version = 1
